
Microsoft Visual Studio Solution File, Format Version 11.00
# Visual Studio 2010
Project("{FAE04EC0-301F-11D3-BF4B-00C04F79EFBC}") = "Assembly-CSharp", "Assembly-CSharp.csproj", "{20759D59-FB6C-B6E4-8FBC-3958BB8272D3}"
EndProject
Project("{FAE04EC0-301F-11D3-BF4B-00C04F79EFBC}") = "Assembly-CSharp-firstpass", "Assembly-CSharp-firstpass.csproj", "{069EEAE2-314A-4470-A3D8-1FD6E4511F5E}"
EndProject
Project("{FAE04EC0-301F-11D3-BF4B-00C04F79EFBC}") = "Assembly-CSharp-Editor-firstpass", "Assembly-CSharp-Editor-firstpass.csproj", "{C6797363-2B4A-A856-B968-DDA408E41518}"
EndProject
Project("{FAE04EC0-301F-11D3-BF4B-00C04F79EFBC}") = "Assembly-CSharp-Editor", "Assembly-CSharp-Editor.csproj", "{0209C94F-1A44-52AD-6379-1EAF6ABB101F}"
EndProject
Global
	GlobalSection(SolutionConfigurationPlatforms) = preSolution
		Debug|Any CPU = Debug|Any CPU
		Release|Any CPU = Release|Any CPU
	EndGlobalSection
	GlobalSection(ProjectConfigurationPlatforms) = postSolution
		{20759D59-FB6C-B6E4-8FBC-3958BB8272D3}.Debug|Any CPU.ActiveCfg = Debug|Any CPU
		{20759D59-FB6C-B6E4-8FBC-3958BB8272D3}.Debug|Any CPU.Build.0 = Debug|Any CPU
		{20759D59-FB6C-B6E4-8FBC-3958BB8272D3}.Release|Any CPU.ActiveCfg = Release|Any CPU
		{20759D59-FB6C-B6E4-8FBC-3958BB8272D3}.Release|Any CPU.Build.0 = Release|Any CPU
		{069EEAE2-314A-4470-A3D8-1FD6E4511F5E}.Debug|Any CPU.ActiveCfg = Debug|Any CPU
		{069EEAE2-314A-4470-A3D8-1FD6E4511F5E}.Debug|Any CPU.Build.0 = Debug|Any CPU
		{069EEAE2-314A-4470-A3D8-1FD6E4511F5E}.Release|Any CPU.ActiveCfg = Release|Any CPU
		{069EEAE2-314A-4470-A3D8-1FD6E4511F5E}.Release|Any CPU.Build.0 = Release|Any CPU
		{C6797363-2B4A-A856-B968-DDA408E41518}.Debug|Any CPU.ActiveCfg = Debug|Any CPU
		{C6797363-2B4A-A856-B968-DDA408E41518}.Debug|Any CPU.Build.0 = Debug|Any CPU
		{C6797363-2B4A-A856-B968-DDA408E41518}.Release|Any CPU.ActiveCfg = Release|Any CPU
		{C6797363-2B4A-A856-B968-DDA408E41518}.Release|Any CPU.Build.0 = Release|Any CPU
		{0209C94F-1A44-52AD-6379-1EAF6ABB101F}.Debug|Any CPU.ActiveCfg = Debug|Any CPU
		{0209C94F-1A44-52AD-6379-1EAF6ABB101F}.Debug|Any CPU.Build.0 = Debug|Any CPU
		{0209C94F-1A44-52AD-6379-1EAF6ABB101F}.Release|Any CPU.ActiveCfg = Release|Any CPU
		{0209C94F-1A44-52AD-6379-1EAF6ABB101F}.Release|Any CPU.Build.0 = Release|Any CPU
	EndGlobalSection
	GlobalSection(SolutionProperties) = preSolution
		HideSolutionNode = FALSE
	EndGlobalSection
EndGlobal
